{
    "_meta": {
        "hash": {
            "sha256": "f0026da2573dccbb42b772bbdb3ee79f0b3c166cfacd8f8f28542a224a654bde"
        },
        "pipfile-spec": 6,
        "requires": {},
        "sources": [
            {
                "url": "https://pypi.python.org/simple",
                "verify_ssl": true
            }
        ]
    },
    "default": {
        "lxml": {
            "version": "==3.8.0"
        },
        "psycopg2": {
            "version": "==2.7.1"
        },
        "sqlalchemy": {
            "version": "==1.1.11"
        },
        "tqdm": {
            "hashes": [
                "sha256:059e7dd579f2c1a2b9103a8ec76fb0bc32cc16904d7d65977edfed6b5745dc48",
                "sha256:a180389a780f6b52268c30f40fdcb0443ab3d925574579d987eadf10c59ff90c"
            ],
            "version": "==4.22.0"
        }
    },
    "develop": {}
}
