{
    "_meta": {
        "hash": {
            "sha256": "f0026da2573dccbb42b772bbdb3ee79f0b3c166cfacd8f8f28542a224a654bde"
        },
        "pipfile-spec": 6,
        "requires": {},
        "sources": [
            {
                "url": "https://pypi.python.org/simple",
                "verify_ssl": true
            }
        ]
    },
    "default": {
        "lxml": {
            "version": "==3.8.0"
        },
        "psycopg2": {
            "version": "==2.7.1"
        },
        "sqlalchemy": {
            "version": "==1.1.11"
        },
        "tqdm": {
            "hashes": [
                "sha256:597e7526c85df881d51e094360181a84533aede1cb3f5a1cada8bbd4de557efd",
                "sha256:fe3d218d5b61993d415aa2a9db6dd64c0e4cefb90164ebb197ef3b1d99f531dc"
            ],
            "version": "==4.23.0"
        }
    },
    "develop": {}
}
